
Microsoft Visual Studio Solution File, Format Version 12.00
# Visual Studio Version 17
VisualStudioVersion = 17.3.32825.248
MinimumVisualStudioVersion = 10.0.40219.1
Project("{FAE04EC0-301F-11D3-BF4B-00C04F79EFBC}") = "MoviesAPI", "MoviesAPI\MoviesAPI.csproj", "{9F062378-BA75-497B-A71B-80F0791BF9A5}"
EndProject
Global
	GlobalSection(SolutionConfigurationPlatforms) = preSolution
		Debug|Any CPU = Debug|Any CPU
		Release|Any CPU = Release|Any CPU
	EndGlobalSection
	GlobalSection(ProjectConfigurationPlatforms) = postSolution
		{9F062378-BA75-497B-A71B-80F0791BF9A5}.Debug|Any CPU.ActiveCfg = Debug|Any CPU
		{9F062378-BA75-497B-A71B-80F0791BF9A5}.Debug|Any CPU.Build.0 = Debug|Any CPU
		{9F062378-BA75-497B-A71B-80F0791BF9A5}.Release|Any CPU.ActiveCfg = Release|Any CPU
		{9F062378-BA75-497B-A71B-80F0791BF9A5}.Release|Any CPU.Build.0 = Release|Any CPU
	EndGlobalSection
	GlobalSection(SolutionProperties) = preSolution
		HideSolutionNode = FALSE
	EndGlobalSection
	GlobalSection(ExtensibilityGlobals) = postSolution
		SolutionGuid = {FA6FE6FE-8606-4FAA-BD10-91F8A7B83CF4}
	EndGlobalSection
EndGlobal
