
Microsoft Visual Studio Solution File, Format Version 12.00
# Visual Studio Version 17
VisualStudioVersion = 17.3.32825.248
MinimumVisualStudioVersion = 10.0.40219.1
Project("{FAE04EC0-301F-11D3-BF4B-00C04F79EFBC}") = "SortingNumber", "SortingNumber\SortingNumber.csproj", "{FBBEC93C-BAB4-48F3-B647-35785F018324}"
EndProject
Global
	GlobalSection(SolutionConfigurationPlatforms) = preSolution
		Debug|Any CPU = Debug|Any CPU
		Release|Any CPU = Release|Any CPU
	EndGlobalSection
	GlobalSection(ProjectConfigurationPlatforms) = postSolution
		{FBBEC93C-BAB4-48F3-B647-35785F018324}.Debug|Any CPU.ActiveCfg = Debug|Any CPU
		{FBBEC93C-BAB4-48F3-B647-35785F018324}.Debug|Any CPU.Build.0 = Debug|Any CPU
		{FBBEC93C-BAB4-48F3-B647-35785F018324}.Release|Any CPU.ActiveCfg = Release|Any CPU
		{FBBEC93C-BAB4-48F3-B647-35785F018324}.Release|Any CPU.Build.0 = Release|Any CPU
	EndGlobalSection
	GlobalSection(SolutionProperties) = preSolution
		HideSolutionNode = FALSE
	EndGlobalSection
	GlobalSection(ExtensibilityGlobals) = postSolution
		SolutionGuid = {3705EFDF-1BD6-48FF-A5CB-7EF2BAA8AFFE}
	EndGlobalSection
EndGlobal
