
Microsoft Visual Studio Solution File, Format Version 12.00
# Visual Studio Version 17
VisualStudioVersion = 17.3.32825.248
MinimumVisualStudioVersion = 10.0.40219.1
Project("{FAE04EC0-301F-11D3-BF4B-00C04F79EFBC}") = "ConsoleApp1", "ConsoleApp1\ConsoleApp1.csproj", "{38D7F5D0-B5C4-4161-901A-7E7E421CC600}"
EndProject
Global
	GlobalSection(SolutionConfigurationPlatforms) = preSolution
		Debug|Any CPU = Debug|Any CPU
		Release|Any CPU = Release|Any CPU
	EndGlobalSection
	GlobalSection(ProjectConfigurationPlatforms) = postSolution
		{38D7F5D0-B5C4-4161-901A-7E7E421CC600}.Debug|Any CPU.ActiveCfg = Debug|Any CPU
		{38D7F5D0-B5C4-4161-901A-7E7E421CC600}.Debug|Any CPU.Build.0 = Debug|Any CPU
		{38D7F5D0-B5C4-4161-901A-7E7E421CC600}.Release|Any CPU.ActiveCfg = Release|Any CPU
		{38D7F5D0-B5C4-4161-901A-7E7E421CC600}.Release|Any CPU.Build.0 = Release|Any CPU
	EndGlobalSection
	GlobalSection(SolutionProperties) = preSolution
		HideSolutionNode = FALSE
	EndGlobalSection
	GlobalSection(ExtensibilityGlobals) = postSolution
		SolutionGuid = {1BAB5E50-3529-47F1-9B94-8F016D1068EA}
	EndGlobalSection
EndGlobal
